
Microsoft Visual Studio Solution File, Format Version 12.00
# Visual Studio Version 17
VisualStudioVersion = 17.8.34330.188
MinimumVisualStudioVersion = 10.0.40219.1
Project("{FAE04EC0-301F-11D3-BF4B-00C04F79EFBC}") = "Blacksmith.Blazor", "Blacksmith.Blazor\Blacksmith.Blazor.csproj", "{0E55304B-1019-491B-8C1D-4B7F93F507D5}"
EndProject
Project("{FAE04EC0-301F-11D3-BF4B-00C04F79EFBC}") = "Blacksmith.WebApi", "Blacksmith.WebApi\Blacksmith.WebApi.csproj", "{82DE222A-5AE2-4518-BC0B-2BAEF248F0BE}"
EndProject
Project("{FAE04EC0-301F-11D3-BF4B-00C04F79EFBC}") = "Shared Classes", "Shared Classes\Shared Classes.csproj", "{6EB3C17C-5D50-44A6-A258-52A84138D58A}"
EndProject
Global
	GlobalSection(SolutionConfigurationPlatforms) = preSolution
		Debug|Any CPU = Debug|Any CPU
		Release|Any CPU = Release|Any CPU
	EndGlobalSection
	GlobalSection(ProjectConfigurationPlatforms) = postSolution
		{0E55304B-1019-491B-8C1D-4B7F93F507D5}.Debug|Any CPU.ActiveCfg = Debug|Any CPU
		{0E55304B-1019-491B-8C1D-4B7F93F507D5}.Debug|Any CPU.Build.0 = Debug|Any CPU
		{0E55304B-1019-491B-8C1D-4B7F93F507D5}.Release|Any CPU.ActiveCfg = Release|Any CPU
		{0E55304B-1019-491B-8C1D-4B7F93F507D5}.Release|Any CPU.Build.0 = Release|Any CPU
		{82DE222A-5AE2-4518-BC0B-2BAEF248F0BE}.Debug|Any CPU.ActiveCfg = Debug|Any CPU
		{82DE222A-5AE2-4518-BC0B-2BAEF248F0BE}.Debug|Any CPU.Build.0 = Debug|Any CPU
		{82DE222A-5AE2-4518-BC0B-2BAEF248F0BE}.Release|Any CPU.ActiveCfg = Release|Any CPU
		{82DE222A-5AE2-4518-BC0B-2BAEF248F0BE}.Release|Any CPU.Build.0 = Release|Any CPU
		{6EB3C17C-5D50-44A6-A258-52A84138D58A}.Debug|Any CPU.ActiveCfg = Debug|Any CPU
		{6EB3C17C-5D50-44A6-A258-52A84138D58A}.Debug|Any CPU.Build.0 = Debug|Any CPU
		{6EB3C17C-5D50-44A6-A258-52A84138D58A}.Release|Any CPU.ActiveCfg = Release|Any CPU
		{6EB3C17C-5D50-44A6-A258-52A84138D58A}.Release|Any CPU.Build.0 = Release|Any CPU
	EndGlobalSection
	GlobalSection(SolutionProperties) = preSolution
		HideSolutionNode = FALSE
	EndGlobalSection
	GlobalSection(ExtensibilityGlobals) = postSolution
		SolutionGuid = {79A06D79-0124-46EF-86E2-5CC1FDBC5578}
	EndGlobalSection
EndGlobal
